
Microsoft Visual Studio Solution File, Format Version 12.00
# Visual Studio 15
VisualStudioVersion = 15.0.26430.16
MinimumVisualStudioVersion = 10.0.40219.1
Project("{9A19103F-16F7-4668-BE54-9A1E7A4F7556}") = "Polly.Extensions.Http", "Polly.Extensions.Http\Polly.Extensions.Http.csproj", "{5017174E-DAC5-4408-AB15-1F902F40C612}"
EndProject
Project("{9A19103F-16F7-4668-BE54-9A1E7A4F7556}") = "Polly.Extensions.Http.Specs", "Polly.Extensions.Http.Specs\Polly.Extensions.Http.Specs.csproj", "{615C92EC-5921-40F4-A690-C66B1587C08E}"
EndProject
Global
	GlobalSection(SolutionConfigurationPlatforms) = preSolution
		Debug|Any CPU = Debug|Any CPU
		Release|Any CPU = Release|Any CPU
	EndGlobalSection
	GlobalSection(ProjectConfigurationPlatforms) = postSolution
		{5017174E-DAC5-4408-AB15-1F902F40C612}.Debug|Any CPU.ActiveCfg = Debug|Any CPU
		{5017174E-DAC5-4408-AB15-1F902F40C612}.Debug|Any CPU.Build.0 = Debug|Any CPU
		{5017174E-DAC5-4408-AB15-1F902F40C612}.Release|Any CPU.ActiveCfg = Release|Any CPU
		{5017174E-DAC5-4408-AB15-1F902F40C612}.Release|Any CPU.Build.0 = Release|Any CPU
		{615C92EC-5921-40F4-A690-C66B1587C08E}.Debug|Any CPU.ActiveCfg = Debug|Any CPU
		{615C92EC-5921-40F4-A690-C66B1587C08E}.Debug|Any CPU.Build.0 = Debug|Any CPU
		{615C92EC-5921-40F4-A690-C66B1587C08E}.Release|Any CPU.ActiveCfg = Release|Any CPU
		{615C92EC-5921-40F4-A690-C66B1587C08E}.Release|Any CPU.Build.0 = Release|Any CPU
	EndGlobalSection
	GlobalSection(SolutionProperties) = preSolution
		HideSolutionNode = FALSE
	EndGlobalSection
	GlobalSection(ExtensibilityGlobals) = postSolution
		SolutionGuid = {9835020C-E016-4B79-803E-123903872153}
	EndGlobalSection
EndGlobal
